
Microsoft Visual Studio Solution File, Format Version 12.00
# Visual Studio Version 17
VisualStudioVersion = 17.7.34024.191
MinimumVisualStudioVersion = 10.0.40219.1
Project("{2150E333-8FDC-42A3-9474-1A3956D46DE8}") = "src", "src", "{F70FD983-EE25-4AA8-B05A-C27DB93C4E0D}"
EndProject
Project("{2150E333-8FDC-42A3-9474-1A3956D46DE8}") = "API", "API", "{B141D74B-4218-44DC-AB46-3D6786C6BCF4}"
EndProject
Project("{2150E333-8FDC-42A3-9474-1A3956D46DE8}") = "Core", "Core", "{9A09CB31-F21E-4ADE-B608-3E5D03C3729D}"
EndProject
Project("{2150E333-8FDC-42A3-9474-1A3956D46DE8}") = "Infrastucture", "Infrastucture", "{22EF271C-E180-4225-91A7-740AA9BF6E96}"
EndProject
Project("{2150E333-8FDC-42A3-9474-1A3956D46DE8}") = "UI", "UI", "{D743989C-1AA6-4FF4-8D39-1C2F3187E93B}"
EndProject
Project("{2150E333-8FDC-42A3-9474-1A3956D46DE8}") = "Tests", "Tests", "{12D8B698-0193-4647-9E9B-DB89F96F461A}"
EndProject
Global
	GlobalSection(SolutionProperties) = preSolution
		HideSolutionNode = FALSE
	EndGlobalSection
	GlobalSection(NestedProjects) = preSolution
		{B141D74B-4218-44DC-AB46-3D6786C6BCF4} = {F70FD983-EE25-4AA8-B05A-C27DB93C4E0D}
		{9A09CB31-F21E-4ADE-B608-3E5D03C3729D} = {F70FD983-EE25-4AA8-B05A-C27DB93C4E0D}
		{22EF271C-E180-4225-91A7-740AA9BF6E96} = {F70FD983-EE25-4AA8-B05A-C27DB93C4E0D}
		{D743989C-1AA6-4FF4-8D39-1C2F3187E93B} = {F70FD983-EE25-4AA8-B05A-C27DB93C4E0D}
	EndGlobalSection
	GlobalSection(ExtensibilityGlobals) = postSolution
		SolutionGuid = {4EFA8B5D-1503-4B25-B4BC-76E0832285E8}
	EndGlobalSection
EndGlobal
